
Microsoft Visual Studio Solution File, Format Version 12.00
Project("{FAE04EC0-301F-11D3-BF4B-00C04F79EFBC}") = "AutoTf.FahrplanParser", "AutoTf.FahrplanParser\AutoTf.FahrplanParser.csproj", "{A24A2683-0F47-46F6-ABC9-F48C34804ED7}"
EndProject
Global
	GlobalSection(SolutionConfigurationPlatforms) = preSolution
		Debug|Any CPU = Debug|Any CPU
		Release|Any CPU = Release|Any CPU
	EndGlobalSection
	GlobalSection(ProjectConfigurationPlatforms) = postSolution
		{A24A2683-0F47-46F6-ABC9-F48C34804ED7}.Debug|Any CPU.ActiveCfg = Debug|Any CPU
		{A24A2683-0F47-46F6-ABC9-F48C34804ED7}.Debug|Any CPU.Build.0 = Debug|Any CPU
		{A24A2683-0F47-46F6-ABC9-F48C34804ED7}.Release|Any CPU.ActiveCfg = Release|Any CPU
		{A24A2683-0F47-46F6-ABC9-F48C34804ED7}.Release|Any CPU.Build.0 = Release|Any CPU
	EndGlobalSection
EndGlobal
